{"1.2.0",
[{<<"aten">>,{pkg,<<"aten">>,<<"0.6.0">>},3},
 {<<"cowboy">>,{pkg,<<"cowboy">>,<<"2.12.0">>},0},
 {<<"cowlib">>,{pkg,<<"cowlib">>,<<"2.13.0">>},1},
 {<<"esqlite">>,{pkg,<<"esqlite">>,<<"0.8.8">>},0},
 {<<"evoq">>,{pkg,<<"evoq">>,<<"1.3.1">>},0},
 {<<"gen_batch_server">>,{pkg,<<"gen_batch_server">>,<<"0.8.9">>},3},
 {<<"horus">>,{pkg,<<"horus">>,<<"0.3.1">>},2},
 {<<"khepri">>,{pkg,<<"khepri">>,<<"0.17.2">>},1},
 {<<"ra">>,{pkg,<<"ra">>,<<"2.16.12">>},2},
 {<<"ranch">>,{pkg,<<"ranch">>,<<"1.8.0">>},1},
 {<<"reckon_db">>,{pkg,<<"reckon_db">>,<<"1.3.0">>},0},
 {<<"reckon_evoq">>,{pkg,<<"reckon_evoq">>,<<"1.1.4">>},0},
 {<<"reckon_gater">>,{pkg,<<"reckon_gater">>,<<"1.1.2">>},1},
 {<<"seshat">>,{pkg,<<"seshat">>,<<"0.6.0">>},3},
 {<<"telemetry">>,{pkg,<<"telemetry">>,<<"1.3.0">>},1}]}.
[
{pkg_hash,[
 {<<"aten">>, <<"7A57B275A6DAF515AC3683FB9853E280B4D0DCDD74292FD66AC4A01C8694F8C7">>},
 {<<"cowboy">>, <<"F276D521A1FF88B2B9B4C54D0E753DA6C66DD7BE6C9FCA3D9418B561828A3731">>},
 {<<"cowlib">>, <<"DB8F7505D8332D98EF50A3EF34B34C1AFDDEC7506E4EE4DD4A3A266285D282CA">>},
 {<<"esqlite">>, <<"3B64D09CE56E46607040861E9FEBE921AA3C471B143FA90BE86078EF899D70C8">>},
 {<<"evoq">>, <<"9E4D77CF152B996E3DD1EF84AC2F387523C43BB82BA1227BFD1DF12E87F24CA9">>},
 {<<"gen_batch_server">>, <<"1C6BC0F530BF8C17E8B4ACC20C2CC369FFA5BEE2B46DE01E21410745F24B1BC9">>},
 {<<"horus">>, <<"A5274C96E15924C28413752617B06050E4B08C04628B88209AFF9EA076F2BCB5">>},
 {<<"khepri">>, <<"9E23429CDCEE780D54F36CDE7550A781C2F217EA1F218794B0BCFB86373BA199">>},
 {<<"ra">>, <<"D97D0213E38C7D334128AA31940444EBFEEF3D370BA5F4ACC08D2BFBCC4979E9">>},
 {<<"ranch">>, <<"8C7A100A139FD57F17327B6413E4167AC559FBC04CA7448E9BE9057311597A1D">>},
 {<<"reckon_db">>, <<"A0AF4AAD33A182A960C0D24F2F41909DF2A43C0CF47C393C4F5E0F73419B8845">>},
 {<<"reckon_evoq">>, <<"EC0CDC0BA4D300FDB481EC09CA357C722C29B4AA6EF60FED6983E95094AC4C15">>},
 {<<"reckon_gater">>, <<"3E59D006AFF6A9324D4085D7A525617330B3703A57FCA6236CC5C3E1D6453DFA">>},
 {<<"seshat">>, <<"3172EB1D7A2A4F66108CD6933A4E465AFF80F84AA90ED83F047B92F636123CCD">>},
 {<<"telemetry">>, <<"FEDEBBAE410D715CF8E7062C96A1EF32EC22E764197F70CDA73D82778D61E7A2">>}]},
{pkg_hash_ext,[
 {<<"aten">>, <<"5F39A164206AE3F211EF5880B1F7819415686436E3229D30B6A058564FBAA168">>},
 {<<"cowboy">>, <<"8A7ABE6D183372CEB21CAA2709BEC928AB2B72E18A3911AA1771639BEF82651E">>},
 {<<"cowlib">>, <<"E1E1284DC3FC030A64B1AD0D8382AE7E99DA46C3246B815318A4B848873800A4">>},
 {<<"esqlite">>, <<"374902457C7D94DC9409C98D3BDD1CA0D50A60DC9F3BDF1FD8EB74C0DCDF02D6">>},
 {<<"evoq">>, <<"E7716900D1EBAD83C8FE2E63B0A765A31D5016A45D0E02A6AFA852B815FDBB9F">>},
 {<<"gen_batch_server">>, <<"C8581FE4A4B6BCCF91E53CE6A8C7E6C27C8C591BAB5408B160166463F5579C22">>},
 {<<"horus">>, <<"D564D30EBC274F0D92C3D44A336D0B892F000BE159912AE4E6838701E85495EC">>},
 {<<"khepri">>, <<"F42B4CD5E936EEEE8E89FD6CB05316935BE7611A42042FB9BAA2C10450CB77ED">>},
 {<<"ra">>, <<"8A8F1A05250F9E91E253FD6CEE13A3551ECB2B10295D2E35233A3C0FE8EC2459">>},
 {<<"ranch">>, <<"49FBCFD3682FAB1F5D109351B61257676DA1A2FDBE295904176D5E521A2DDFE5">>},
 {<<"reckon_db">>, <<"5A3E674AE751676529162A3A08D890065C384642AA8D4B07C60392A5ECE29F5E">>},
 {<<"reckon_evoq">>, <<"D4E89B0311D6976B795B7FA0AE6E7712190E618FD6775E4700C2B2F8274842DF">>},
 {<<"reckon_gater">>, <<"C03A3B549B6F080E7299490940E4A5BF3EB3BAFF6353FD42AE2F89AE281CA36D">>},
 {<<"seshat">>, <<"7CEF700F92831DD7CAE6A6DD223CCC55AC88ECCE0631EE9AB0F2B5FB70E79B90">>},
 {<<"telemetry">>, <<"7015FC8919DBE63764F4B4B87A95B7C0996BD539E0D499BE6EC9D7F3875B79E6">>}]}
].
